
Microsoft Visual Studio Solution File, Format Version 12.00
# Visual Studio Version 17
VisualStudioVersion = 17.9.34622.214
MinimumVisualStudioVersion = 10.0.40219.1
Project("{FAE04EC0-301F-11D3-BF4B-00C04F79EFBC}") = "Lab19", "Lab19\Lab19.csproj", "{1AF7AF2B-82A6-4C03-8AA4-7A790574D248}"
EndProject
Global
	GlobalSection(SolutionConfigurationPlatforms) = preSolution
		Debug|Any CPU = Debug|Any CPU
		Release|Any CPU = Release|Any CPU
	EndGlobalSection
	GlobalSection(ProjectConfigurationPlatforms) = postSolution
		{1AF7AF2B-82A6-4C03-8AA4-7A790574D248}.Debug|Any CPU.ActiveCfg = Debug|Any CPU
		{1AF7AF2B-82A6-4C03-8AA4-7A790574D248}.Debug|Any CPU.Build.0 = Debug|Any CPU
		{1AF7AF2B-82A6-4C03-8AA4-7A790574D248}.Release|Any CPU.ActiveCfg = Release|Any CPU
		{1AF7AF2B-82A6-4C03-8AA4-7A790574D248}.Release|Any CPU.Build.0 = Release|Any CPU
	EndGlobalSection
	GlobalSection(SolutionProperties) = preSolution
		HideSolutionNode = FALSE
	EndGlobalSection
	GlobalSection(ExtensibilityGlobals) = postSolution
		SolutionGuid = {CE23216B-CEFC-4710-BF28-3A4B9B840D11}
	EndGlobalSection
EndGlobal
